
Microsoft Visual Studio Solution File, Format Version 12.00
# Visual Studio Version 16
VisualStudioVersion = 16.0.35731.53
MinimumVisualStudioVersion = 10.0.40219.1
Project("{9A19103F-16F7-4668-BE54-9A1E7A4F7556}") = "Lab3", "Lab3\Lab3.csproj", "{FFB027A6-9693-4511-848D-01B31E7FB215}"
EndProject
Project("{9A19103F-16F7-4668-BE54-9A1E7A4F7556}") = "Lab3Example2", "Lab3Example2\Lab3Example2.csproj", "{F4D1BCC6-8A24-46B1-A376-EDB79126F20B}"
EndProject
Project("{9A19103F-16F7-4668-BE54-9A1E7A4F7556}") = "Lab3Task1", "Lab3Task1\Lab3Task1.csproj", "{0590F285-0E19-4AF9-865D-C15E481D1682}"
EndProject
Project("{9A19103F-16F7-4668-BE54-9A1E7A4F7556}") = "Lab3Task2", "Lab3Task2\Lab3Task2.csproj", "{7D57CD6D-CBD5-447E-AC39-83A268723C41}"
EndProject
Project("{FAE04EC0-301F-11D3-BF4B-00C04F79EFBC}") = "Lab3Task4", "Lab3Task4\Lab3Task4.csproj", "{05DE2D32-1438-4175-9B5B-850FD0E8AA70}"
EndProject
Global
	GlobalSection(SolutionConfigurationPlatforms) = preSolution
		Debug|Any CPU = Debug|Any CPU
		Release|Any CPU = Release|Any CPU
	EndGlobalSection
	GlobalSection(ProjectConfigurationPlatforms) = postSolution
		{FFB027A6-9693-4511-848D-01B31E7FB215}.Debug|Any CPU.ActiveCfg = Debug|Any CPU
		{FFB027A6-9693-4511-848D-01B31E7FB215}.Debug|Any CPU.Build.0 = Debug|Any CPU
		{FFB027A6-9693-4511-848D-01B31E7FB215}.Release|Any CPU.ActiveCfg = Release|Any CPU
		{FFB027A6-9693-4511-848D-01B31E7FB215}.Release|Any CPU.Build.0 = Release|Any CPU
		{F4D1BCC6-8A24-46B1-A376-EDB79126F20B}.Debug|Any CPU.ActiveCfg = Debug|Any CPU
		{F4D1BCC6-8A24-46B1-A376-EDB79126F20B}.Debug|Any CPU.Build.0 = Debug|Any CPU
		{F4D1BCC6-8A24-46B1-A376-EDB79126F20B}.Release|Any CPU.ActiveCfg = Release|Any CPU
		{F4D1BCC6-8A24-46B1-A376-EDB79126F20B}.Release|Any CPU.Build.0 = Release|Any CPU
		{0590F285-0E19-4AF9-865D-C15E481D1682}.Debug|Any CPU.ActiveCfg = Debug|Any CPU
		{0590F285-0E19-4AF9-865D-C15E481D1682}.Debug|Any CPU.Build.0 = Debug|Any CPU
		{0590F285-0E19-4AF9-865D-C15E481D1682}.Release|Any CPU.ActiveCfg = Release|Any CPU
		{0590F285-0E19-4AF9-865D-C15E481D1682}.Release|Any CPU.Build.0 = Release|Any CPU
		{7D57CD6D-CBD5-447E-AC39-83A268723C41}.Debug|Any CPU.ActiveCfg = Debug|Any CPU
		{7D57CD6D-CBD5-447E-AC39-83A268723C41}.Debug|Any CPU.Build.0 = Debug|Any CPU
		{7D57CD6D-CBD5-447E-AC39-83A268723C41}.Release|Any CPU.ActiveCfg = Release|Any CPU
		{7D57CD6D-CBD5-447E-AC39-83A268723C41}.Release|Any CPU.Build.0 = Release|Any CPU
		{05DE2D32-1438-4175-9B5B-850FD0E8AA70}.Debug|Any CPU.ActiveCfg = Debug|Any CPU
		{05DE2D32-1438-4175-9B5B-850FD0E8AA70}.Debug|Any CPU.Build.0 = Debug|Any CPU
		{05DE2D32-1438-4175-9B5B-850FD0E8AA70}.Release|Any CPU.ActiveCfg = Release|Any CPU
		{05DE2D32-1438-4175-9B5B-850FD0E8AA70}.Release|Any CPU.Build.0 = Release|Any CPU
	EndGlobalSection
	GlobalSection(SolutionProperties) = preSolution
		HideSolutionNode = FALSE
	EndGlobalSection
	GlobalSection(ExtensibilityGlobals) = postSolution
		SolutionGuid = {ED6FC5BA-32C2-436B-9737-8B29444E9499}
	EndGlobalSection
EndGlobal
